
Microsoft Visual Studio Solution File, Format Version 12.00
# Visual Studio 14
VisualStudioVersion = 14.0.25420.1
MinimumVisualStudioVersion = 10.0.40219.1
Project("{FAE04EC0-301F-11D3-BF4B-00C04F79EFBC}") = "CodeChecker", "CodeChecker\CodeChecker.csproj", "{C368546C-83F3-432D-BE65-C4B921D910AE}"
EndProject
Project("{FAE04EC0-301F-11D3-BF4B-00C04F79EFBC}") = "CodeChecker.Tests", "CodeChecker.Tests\CodeChecker.Tests.csproj", "{94E126C4-6E6D-4D92-96DE-9AD7D5F7F8A0}"
EndProject
Global
	GlobalSection(SolutionConfigurationPlatforms) = preSolution
		Debug|Any CPU = Debug|Any CPU
		Release|Any CPU = Release|Any CPU
	EndGlobalSection
	GlobalSection(ProjectConfigurationPlatforms) = postSolution
		{C368546C-83F3-432D-BE65-C4B921D910AE}.Debug|Any CPU.ActiveCfg = Debug|Any CPU
		{C368546C-83F3-432D-BE65-C4B921D910AE}.Debug|Any CPU.Build.0 = Debug|Any CPU
		{C368546C-83F3-432D-BE65-C4B921D910AE}.Release|Any CPU.ActiveCfg = Release|Any CPU
		{C368546C-83F3-432D-BE65-C4B921D910AE}.Release|Any CPU.Build.0 = Release|Any CPU
		{94E126C4-6E6D-4D92-96DE-9AD7D5F7F8A0}.Debug|Any CPU.ActiveCfg = Debug|Any CPU
		{94E126C4-6E6D-4D92-96DE-9AD7D5F7F8A0}.Debug|Any CPU.Build.0 = Debug|Any CPU
		{94E126C4-6E6D-4D92-96DE-9AD7D5F7F8A0}.Release|Any CPU.ActiveCfg = Release|Any CPU
		{94E126C4-6E6D-4D92-96DE-9AD7D5F7F8A0}.Release|Any CPU.Build.0 = Release|Any CPU
	EndGlobalSection
	GlobalSection(SolutionProperties) = preSolution
		HideSolutionNode = FALSE
	EndGlobalSection
EndGlobal
